
Microsoft Visual Studio Solution File, Format Version 12.00
# Visual Studio Version 17
VisualStudioVersion = 17.12.35309.182
MinimumVisualStudioVersion = 10.0.40219.1
Project("{FAE04EC0-301F-11D3-BF4B-00C04F79EFBC}") = "DH.Swagger", "DH.Swagger\DH.Swagger.csproj", "{6AAE96C5-3C9D-4F98-968E-90943B0A0CA5}"
EndProject
Project("{2150E333-8FDC-42A3-9474-1A3956D46DE8}") = "Others", "Others", "{17240ACD-A105-40DD-83B0-B7A4382AB32B}"
	ProjectSection(SolutionItems) = preProject
		.editorconfig = .editorconfig
		.gitignore = .gitignore
		global.json = global.json
		NuGet.config = NuGet.config
		.github\workflows\publish-beta.yml = .github\workflows\publish-beta.yml
		.github\workflows\publish.yml = .github\workflows\publish.yml
		Readme.MD = Readme.MD
	EndProjectSection
EndProject
Global
	GlobalSection(SolutionConfigurationPlatforms) = preSolution
		Debug|Any CPU = Debug|Any CPU
		Release|Any CPU = Release|Any CPU
	EndGlobalSection
	GlobalSection(ProjectConfigurationPlatforms) = postSolution
		{6AAE96C5-3C9D-4F98-968E-90943B0A0CA5}.Debug|Any CPU.ActiveCfg = Debug|Any CPU
		{6AAE96C5-3C9D-4F98-968E-90943B0A0CA5}.Debug|Any CPU.Build.0 = Debug|Any CPU
		{6AAE96C5-3C9D-4F98-968E-90943B0A0CA5}.Release|Any CPU.ActiveCfg = Release|Any CPU
		{6AAE96C5-3C9D-4F98-968E-90943B0A0CA5}.Release|Any CPU.Build.0 = Release|Any CPU
	EndGlobalSection
	GlobalSection(SolutionProperties) = preSolution
		HideSolutionNode = FALSE
	EndGlobalSection
	GlobalSection(ExtensibilityGlobals) = postSolution
		SolutionGuid = {6DC66CDA-57EB-4BA2-88BE-B99F0ECEA434}
	EndGlobalSection
EndGlobal
