<Solution>
  <Folder Name="/Others/">
    <File Path=".editorconfig" />
    <File Path=".github/copilot-instructions.md" />
    <File Path=".github/workflows/publish-beta.yml" />
    <File Path=".github/workflows/publish.yml" />
    <File Path=".gitignore" />
    <File Path="global.json" />
    <File Path="NuGet.config" />
    <File Path="Readme.MD" />
    <File Path="ReadMe.txt" />
  </Folder>
  <Project Path="DH.Swagger/DH.Swagger.csproj" />
</Solution>
